Microsoft Visual Studio Solution File, Format Version 12.00
# Visual Studio Version 17
VisualStudioVersion = 17.5.2.0
MinimumVisualStudioVersion = 10.0.40219.1
Project("{2150E333-8FDC-42A3-9474-1A3956D46DE8}") = "spotly.API", "spotly.API", "{44E6C0D0-CF3E-DBDC-1BF4-6B4DCB9B724C}"
EndProject
Project("{FAE04EC0-301F-11D3-BF4B-00C04F79EFBC}") = "Spotly.API", "spotly.API\Spotly.API\Spotly.API.csproj", "{C30DA09F-AE23-26F7-83B8-F6EF4EAB3A3B}"
EndProject
Global
	GlobalSection(SolutionConfigurationPlatforms) = preSolution
		Debug|Any CPU = Debug|Any CPU
		Release|Any CPU = Release|Any CPU
	EndGlobalSection
	GlobalSection(ProjectConfigurationPlatforms) = postSolution
		{C30DA09F-AE23-26F7-83B8-F6EF4EAB3A3B}.Debug|Any CPU.ActiveCfg = Debug|Any CPU
		{C30DA09F-AE23-26F7-83B8-F6EF4EAB3A3B}.Debug|Any CPU.Build.0 = Debug|Any CPU
		{C30DA09F-AE23-26F7-83B8-F6EF4EAB3A3B}.Release|Any CPU.ActiveCfg = Release|Any CPU
		{C30DA09F-AE23-26F7-83B8-F6EF4EAB3A3B}.Release|Any CPU.Build.0 = Release|Any CPU
	EndGlobalSection
	GlobalSection(SolutionProperties) = preSolution
		HideSolutionNode = FALSE
	EndGlobalSection
	GlobalSection(NestedProjects) = preSolution
		{C30DA09F-AE23-26F7-83B8-F6EF4EAB3A3B} = {44E6C0D0-CF3E-DBDC-1BF4-6B4DCB9B724C}
	EndGlobalSection
	GlobalSection(ExtensibilityGlobals) = postSolution
		SolutionGuid = {45775448-832E-406E-9F5B-EAAA12390DC4}
	EndGlobalSection
EndGlobal
